
Microsoft Visual Studio Solution File, Format Version 12.00
# Visual Studio Version 17
VisualStudioVersion = 17.0.31903.59
MinimumVisualStudioVersion = 10.0.40219.1
Project("{2150E333-8FDC-42A3-9474-1A3956D46DE8}") = "src", "src", "{A2824A29-46DC-4F69-9D4C-0B624390F5F2}"
EndProject
Project("{FAE04EC0-301F-11D3-BF4B-00C04F79EFBC}") = "Conduit.Api", "src\Conduit.Api\Conduit.Api.csproj", "{115301F2-6A9E-485E-A13F-621C1208481D}"
EndProject
Project("{FAE04EC0-301F-11D3-BF4B-00C04F79EFBC}") = "Conduit.Application", "src\Conduit.Application\Conduit.Application.csproj", "{CE265783-A90B-482F-8570-CB16D00C3251}"
EndProject
Project("{FAE04EC0-301F-11D3-BF4B-00C04F79EFBC}") = "Conduit.Domain", "src\Conduit.Domain\Conduit.Domain.csproj", "{A8B337EF-CC0F-45AB-B646-7DC6D32B21CA}"
EndProject
Project("{FAE04EC0-301F-11D3-BF4B-00C04F79EFBC}") = "Conduit.Infrastructure", "src\Conduit.Infrastructure\Conduit.Infrastructure.csproj", "{F5D0EFD6-C299-43DB-BAE1-6A4742300BE7}"
EndProject
Global
	GlobalSection(SolutionConfigurationPlatforms) = preSolution
		Debug|Any CPU = Debug|Any CPU
		Release|Any CPU = Release|Any CPU
	EndGlobalSection
	GlobalSection(SolutionProperties) = preSolution
		HideSolutionNode = FALSE
	EndGlobalSection
	GlobalSection(ProjectConfigurationPlatforms) = postSolution
		{115301F2-6A9E-485E-A13F-621C1208481D}.Debug|Any CPU.ActiveCfg = Debug|Any CPU
		{115301F2-6A9E-485E-A13F-621C1208481D}.Debug|Any CPU.Build.0 = Debug|Any CPU
		{115301F2-6A9E-485E-A13F-621C1208481D}.Release|Any CPU.ActiveCfg = Release|Any CPU
		{115301F2-6A9E-485E-A13F-621C1208481D}.Release|Any CPU.Build.0 = Release|Any CPU
		{CE265783-A90B-482F-8570-CB16D00C3251}.Debug|Any CPU.ActiveCfg = Debug|Any CPU
		{CE265783-A90B-482F-8570-CB16D00C3251}.Debug|Any CPU.Build.0 = Debug|Any CPU
		{CE265783-A90B-482F-8570-CB16D00C3251}.Release|Any CPU.ActiveCfg = Release|Any CPU
		{CE265783-A90B-482F-8570-CB16D00C3251}.Release|Any CPU.Build.0 = Release|Any CPU
		{A8B337EF-CC0F-45AB-B646-7DC6D32B21CA}.Debug|Any CPU.ActiveCfg = Debug|Any CPU
		{A8B337EF-CC0F-45AB-B646-7DC6D32B21CA}.Debug|Any CPU.Build.0 = Debug|Any CPU
		{A8B337EF-CC0F-45AB-B646-7DC6D32B21CA}.Release|Any CPU.ActiveCfg = Release|Any CPU
		{A8B337EF-CC0F-45AB-B646-7DC6D32B21CA}.Release|Any CPU.Build.0 = Release|Any CPU
		{F5D0EFD6-C299-43DB-BAE1-6A4742300BE7}.Debug|Any CPU.ActiveCfg = Debug|Any CPU
		{F5D0EFD6-C299-43DB-BAE1-6A4742300BE7}.Debug|Any CPU.Build.0 = Debug|Any CPU
		{F5D0EFD6-C299-43DB-BAE1-6A4742300BE7}.Release|Any CPU.ActiveCfg = Release|Any CPU
		{F5D0EFD6-C299-43DB-BAE1-6A4742300BE7}.Release|Any CPU.Build.0 = Release|Any CPU
	EndGlobalSection
	GlobalSection(NestedProjects) = preSolution
		{115301F2-6A9E-485E-A13F-621C1208481D} = {A2824A29-46DC-4F69-9D4C-0B624390F5F2}
		{CE265783-A90B-482F-8570-CB16D00C3251} = {A2824A29-46DC-4F69-9D4C-0B624390F5F2}
		{A8B337EF-CC0F-45AB-B646-7DC6D32B21CA} = {A2824A29-46DC-4F69-9D4C-0B624390F5F2}
		{F5D0EFD6-C299-43DB-BAE1-6A4742300BE7} = {A2824A29-46DC-4F69-9D4C-0B624390F5F2}
	EndGlobalSection
EndGlobal
